<?xml version="1.0" encoding="utf-8"?>
<Project ToolsVersion="4.0" xmlns="http://schemas.microsoft.com/developer/msbuild/2003">
  <ItemGroup>
    <Filter Include="源文件">
      <UniqueIdentifier>{4FC737F1-C7A5-4376-A066-2A32D752A2FF}</UniqueIdentifier>
      <Extensions>cpp;c;cc;cxx;c++;cppm;ixx;def;odl;idl;hpj;bat;asm;asmx</Extensions>
    </Filter>
    <Filter Include="头文件">
      <UniqueIdentifier>{93995380-89BD-4b04-88EB-625FBE52EBFB}</UniqueIdentifier>
      <Extensions>h;hh;hpp;hxx;h++;hm;inl;inc;ipp;xsd</Extensions>
    </Filter>
    <Filter Include="资源文件">
      <UniqueIdentifier>{67DA6AB6-F800-4c08-8B7A-83BB121AAD01}</UniqueIdentifier>
      <Extensions>rc;ico;cur;bmp;dlg;rc2;rct;bin;rgs;gif;jpg;jpeg;jpe;resx;tiff;tif;png;wav;mfcribbon-ms</Extensions>
    </Filter>
    <Filter Include="头文件\Common">
      <UniqueIdentifier>{583e3e47-4f62-45f8-b15a-94e25268265c}</UniqueIdentifier>
    </Filter>
    <Filter Include="源文件\Common">
      <UniqueIdentifier>{8148d6e7-79a0-4f67-8cc1-9c337cf3414c}</UniqueIdentifier>
    </Filter>
    <Filter Include="源文件\ShaderSourceCode">
      <UniqueIdentifier>{2ab20afd-bff2-4cc7-a1cb-eadf70ceb609}</UniqueIdentifier>
    </Filter>
    <Filter Include="头文件\plugins">
      <UniqueIdentifier>{fc806ec8-d168-4304-bd1c-b0db623f8657}</UniqueIdentifier>
    </Filter>
    <Filter Include="源文件\plugins">
      <UniqueIdentifier>{9cb72f01-225e-4713-ac7e-d25923c9b2c9}</UniqueIdentifier>
    </Filter>
    <Filter Include="头文件\plugins\stb_image">
      <UniqueIdentifier>{a88dbbe1-594f-4da4-9fb4-1291d0ea2cef}</UniqueIdentifier>
    </Filter>
    <Filter Include="源文件\plugins\stb_image">
      <UniqueIdentifier>{e6e95c4f-e792-4673-866e-bbf74e5fc6b5}</UniqueIdentifier>
    </Filter>
    <Filter Include="头文件\Common\Enums">
      <UniqueIdentifier>{eaae45d2-5cd9-486f-9f12-9655cac56571}</UniqueIdentifier>
    </Filter>
    <Filter Include="头文件\Common\Utilities">
      <UniqueIdentifier>{7c9784a7-1f8f-4e75-b3b8-907a3d65c0de}</UniqueIdentifier>
    </Filter>
    <Filter Include="头文件\Common\Object">
      <UniqueIdentifier>{3c96af4e-f364-4610-9d2a-9b6503c6f3c3}</UniqueIdentifier>
    </Filter>
    <Filter Include="源文件\Common\Utilities">
      <UniqueIdentifier>{14025956-c2c2-4203-8a74-b32c05857c6d}</UniqueIdentifier>
    </Filter>
    <Filter Include="源文件\Common\Object">
      <UniqueIdentifier>{8b4c5ed3-de5f-469e-a742-5c464a074572}</UniqueIdentifier>
    </Filter>
    <Filter Include="头文件\Game">
      <UniqueIdentifier>{e31fadce-bcca-4bce-9377-1a2cbd6e46d7}</UniqueIdentifier>
    </Filter>
    <Filter Include="源文件\Game">
      <UniqueIdentifier>{f5562566-a327-40a5-87ff-4bf357bbf87a}</UniqueIdentifier>
    </Filter>
    <Filter Include="头文件\Game\Component">
      <UniqueIdentifier>{146b9188-f77a-4f48-9640-f1b45e21d25c}</UniqueIdentifier>
    </Filter>
    <Filter Include="头文件\Game\Component\Camera">
      <UniqueIdentifier>{c3e66d67-e918-43cb-8812-c3ad6ae438d6}</UniqueIdentifier>
    </Filter>
    <Filter Include="源文件\Game\Component">
      <UniqueIdentifier>{0a7e38f6-8929-42e0-83be-a6feb4ab0e9c}</UniqueIdentifier>
    </Filter>
    <Filter Include="源文件\Game\Component\Camera">
      <UniqueIdentifier>{082f7a14-9eca-4994-8ca3-4de96d39c976}</UniqueIdentifier>
    </Filter>
    <Filter Include="源文件\Game\Scene">
      <UniqueIdentifier>{ab09180e-3a02-4c93-bee6-fb6faadc5d6d}</UniqueIdentifier>
    </Filter>
    <Filter Include="头文件\Game\Scene">
      <UniqueIdentifier>{d0e4b7e8-ba96-4ee0-b745-5acaefa54f48}</UniqueIdentifier>
    </Filter>
    <Filter Include="头文件\Render">
      <UniqueIdentifier>{3d7fef24-6d70-4bcf-989d-d0acb3fc3506}</UniqueIdentifier>
    </Filter>
    <Filter Include="头文件\Render\RenderPipeline">
      <UniqueIdentifier>{ac8f4303-b020-4f67-9334-ad61cad9eb1e}</UniqueIdentifier>
    </Filter>
    <Filter Include="头文件\Render\RenderHardwareInterface">
      <UniqueIdentifier>{4f66e215-967a-4728-976f-d29542b136a9}</UniqueIdentifier>
    </Filter>
    <Filter Include="头文件\Render\RenderHardwareInterface\Command">
      <UniqueIdentifier>{ded3f8c3-d43e-4a27-a07a-7d0351d65f99}</UniqueIdentifier>
    </Filter>
    <Filter Include="头文件\Render\RenderHardwareInterface\GLSL">
      <UniqueIdentifier>{5f529c4b-e1ea-4caf-9e82-8fc5b47cec5a}</UniqueIdentifier>
    </Filter>
    <Filter Include="头文件\Render\RenderHardwareInterface\GLSL\Compiler">
      <UniqueIdentifier>{2a8b73fa-2e3e-401a-8f73-ecac866cfac3}</UniqueIdentifier>
    </Filter>
    <Filter Include="头文件\Render\RenderHardwareInterface\Common">
      <UniqueIdentifier>{4fd5b814-d2a8-478e-b97e-6348301d07fe}</UniqueIdentifier>
    </Filter>
    <Filter Include="头文件\Render\RenderHardwareInterface\Common\Compiler">
      <UniqueIdentifier>{cfb7f778-42c0-4f64-93c4-67b34843aba5}</UniqueIdentifier>
    </Filter>
    <Filter Include="头文件\Render\RenderResourceManager">
      <UniqueIdentifier>{d600431f-d44e-4f4c-aff6-fbdbc2945879}</UniqueIdentifier>
    </Filter>
    <Filter Include="头文件\Render\RenderResourceManager\ManagementCentre">
      <UniqueIdentifier>{39b971e9-9e27-4cb6-8595-7cfd414aad59}</UniqueIdentifier>
    </Filter>
    <Filter Include="头文件\Render\RenderResourceManager\Resources">
      <UniqueIdentifier>{7fdc8ff9-57ac-4595-ab8b-970f24c826ab}</UniqueIdentifier>
    </Filter>
    <Filter Include="头文件\Render\RenderResourceManager\Buffers">
      <UniqueIdentifier>{fe699f4b-cb55-4df3-a75a-6a5b0e9f2b64}</UniqueIdentifier>
    </Filter>
    <Filter Include="源文件\Render">
      <UniqueIdentifier>{bc2212a4-36e7-4044-a380-e78480273bb4}</UniqueIdentifier>
    </Filter>
    <Filter Include="源文件\Render\RenderPipeline">
      <UniqueIdentifier>{173167b9-fe0d-4b43-bab2-8771840decc9}</UniqueIdentifier>
    </Filter>
    <Filter Include="源文件\Render\RenderHardwareInterface">
      <UniqueIdentifier>{d2fabe5d-5c4b-463f-9974-6f1280c6ddc6}</UniqueIdentifier>
    </Filter>
    <Filter Include="源文件\Render\RenderHardwareInterface\Command">
      <UniqueIdentifier>{63d4f19d-3fad-4e45-84f1-1fce600984a5}</UniqueIdentifier>
    </Filter>
    <Filter Include="源文件\Render\RenderHardwareInterface\GLSL">
      <UniqueIdentifier>{3d7518da-a1e4-45e4-8be4-25f3b1f03a0c}</UniqueIdentifier>
    </Filter>
    <Filter Include="源文件\Render\RenderHardwareInterface\GLSL\Compiler">
      <UniqueIdentifier>{9a9c5917-95cf-43bb-8778-ef29b36ef1a6}</UniqueIdentifier>
    </Filter>
    <Filter Include="源文件\Render\RenderResourceManager">
      <UniqueIdentifier>{f3e47e1d-a6e2-4a33-924d-79367ae37223}</UniqueIdentifier>
    </Filter>
    <Filter Include="源文件\Render\RenderResourceManager\ManagementCentre">
      <UniqueIdentifier>{9f575b9d-2380-49e4-bf27-60fcf69fe280}</UniqueIdentifier>
    </Filter>
    <Filter Include="源文件\Render\RenderResourceManager\Buffers">
      <UniqueIdentifier>{78f9c41e-1b91-4808-81d9-02b5ed1f4aec}</UniqueIdentifier>
    </Filter>
    <Filter Include="头文件\Render\Shader">
      <UniqueIdentifier>{13abfbfd-0a32-400c-b798-0486394510d1}</UniqueIdentifier>
    </Filter>
    <Filter Include="源文件\Render\Shader">
      <UniqueIdentifier>{1d1e726e-0987-4f03-8455-4319ecae4c38}</UniqueIdentifier>
    </Filter>
    <Filter Include="头文件\Render\Window">
      <UniqueIdentifier>{2dc0d357-4ccf-4bef-af21-11068c1ea537}</UniqueIdentifier>
    </Filter>
    <Filter Include="源文件\Render\Window">
      <UniqueIdentifier>{fa8f25b4-c691-43ec-9fce-ae4a25f45962}</UniqueIdentifier>
    </Filter>
    <Filter Include="头文件\Render\Window\GLFW">
      <UniqueIdentifier>{413a7c3f-a041-4967-950f-06c05d09e4b7}</UniqueIdentifier>
    </Filter>
    <Filter Include="源文件\Render\Window\GLFW">
      <UniqueIdentifier>{b471d2d5-bbdd-4836-87cc-a1fce37073df}</UniqueIdentifier>
    </Filter>
    <Filter Include="头文件\Render\PassManagement">
      <UniqueIdentifier>{4e8404ba-d0a7-4a0a-a1f7-482d4196a9ea}</UniqueIdentifier>
    </Filter>
    <Filter Include="头文件\Common\ObserverPattern">
      <UniqueIdentifier>{7c7ae7e9-ec12-4c3e-a355-e2b80b1ee129}</UniqueIdentifier>
    </Filter>
    <Filter Include="头文件\Render\RenderResourceManager\ResourceDescriptor">
      <UniqueIdentifier>{d3976870-d2ba-4411-98de-4ead4b8477c4}</UniqueIdentifier>
    </Filter>
    <Filter Include="头文件\plugins\assimp">
      <UniqueIdentifier>{013efc8d-a116-4b97-9201-c70e78214dec}</UniqueIdentifier>
    </Filter>
  </ItemGroup>
  <ItemGroup>
    <ClCompile Include="src\gl3w.c">
      <Filter>源文件</Filter>
    </ClCompile>
    <ClCompile Include="src\triangles.cpp">
      <Filter>源文件</Filter>
    </ClCompile>
    <ClCompile Include="src\RenderPipeline.cpp">
      <Filter>源文件\Render\RenderPipeline</Filter>
    </ClCompile>
    <ClCompile Include="src\Scene.cpp">
      <Filter>源文件\Game\Scene</Filter>
    </ClCompile>
    <ClCompile Include="src\Mesh.cpp">
      <Filter>源文件\Game\Scene</Filter>
    </ClCompile>
    <ClCompile Include="src\Window.cpp">
      <Filter>源文件\Render\Window</Filter>
    </ClCompile>
    <ClCompile Include="src\Shader.cpp">
      <Filter>源文件\Render\Shader</Filter>
    </ClCompile>
    <ClCompile Include="src\ShaderPropertyNames.cpp">
      <Filter>源文件\Render\Shader</Filter>
    </ClCompile>
    <ClCompile Include="src\Graphics.cpp">
      <Filter>源文件\Render\RenderPipeline</Filter>
    </ClCompile>
    <ClCompile Include="src\MeshManagementCentre.cpp">
      <Filter>源文件\Render\RenderResourceManager\ManagementCentre</Filter>
    </ClCompile>
    <ClCompile Include="src\TextureManagementCentre.cpp">
      <Filter>源文件\Render\RenderResourceManager\ManagementCentre</Filter>
    </ClCompile>
    <ClCompile Include="src\RenderTexture.cpp">
      <Filter>源文件\Render\RenderResourceManager</Filter>
    </ClCompile>
    <ClCompile Include="src\MemoryManager.cpp">
      <Filter>源文件\Render\RenderResourceManager</Filter>
    </ClCompile>
    <ClCompile Include="src\ShaderUtils.cpp">
      <Filter>源文件\Render\Shader</Filter>
    </ClCompile>
    <ClCompile Include="src\ConstantBufferIdentifier.cpp">
      <Filter>源文件\Render\RenderResourceManager\Buffers</Filter>
    </ClCompile>
    <ClCompile Include="src\Allocator.cpp">
      <Filter>源文件\Common</Filter>
    </ClCompile>
    <ClCompile Include="src\CommandBuffer.cpp">
      <Filter>源文件\Render\RenderHardwareInterface\Command</Filter>
    </ClCompile>
    <ClCompile Include="src\RHICommon.cpp">
      <Filter>源文件\Render\RenderHardwareInterface</Filter>
    </ClCompile>
    <ClCompile Include="src\GLSLCompiler.cpp">
      <Filter>源文件\Render\RenderHardwareInterface\GLSL\Compiler</Filter>
    </ClCompile>
    <ClCompile Include="src\FileUtils.cpp">
      <Filter>源文件\Common\Utilities</Filter>
    </ClCompile>
    <ClCompile Include="src\PrimitiveUtils.cpp">
      <Filter>源文件\Common\Utilities</Filter>
    </ClCompile>
    <ClCompile Include="src\GameObject.cpp">
      <Filter>源文件\Common\Object</Filter>
    </ClCompile>
    <ClCompile Include="src\SceneUtility.cpp">
      <Filter>源文件\Common\Utilities</Filter>
    </ClCompile>
    <ClCompile Include="src\Camera.cpp">
      <Filter>源文件\Game\Component\Camera</Filter>
    </ClCompile>
    <ClCompile Include="src\Texture.cpp">
      <Filter>源文件\Render\RenderResourceManager</Filter>
    </ClCompile>
    <ClCompile Include="src\GLSLPreProcessCompiler.cpp">
      <Filter>源文件\Render\RenderHardwareInterface\GLSL\Compiler</Filter>
    </ClCompile>
    <ClCompile Include="src\GLDevice.cpp">
      <Filter>源文件\Render\RenderHardwareInterface\GLSL</Filter>
    </ClCompile>
    <ClCompile Include="src\ConstantBuffers.cpp">
      <Filter>源文件\Render\RenderResourceManager</Filter>
    </ClCompile>
    <ClCompile Include="src\BytesBuffer.cpp">
      <Filter>源文件\Render\RenderResourceManager\Buffers</Filter>
    </ClCompile>
    <ClCompile Include="src\GLFWWindow.cpp">
      <Filter>源文件\Render\Window\GLFW</Filter>
    </ClCompile>
    <ClCompile Include="src\EventSystem.cpp">
      <Filter>源文件\Render\Window\GLFW</Filter>
    </ClCompile>
    <ClCompile Include="src\ScriptableRenderContext.cpp">
      <Filter>源文件\Render\RenderHardwareInterface</Filter>
    </ClCompile>
    <ClCompile Include="src\Component.cpp">
      <Filter>源文件\Game\Component</Filter>
    </ClCompile>
    <ClCompile Include="src\CameraOperation.cpp">
      <Filter>源文件\Game\Component\Camera</Filter>
    </ClCompile>
    <ClCompile Include="src\Light.cpp">
      <Filter>源文件\Game\Component</Filter>
    </ClCompile>
    <ClCompile Include="src\Renderer.cpp">
      <Filter>源文件\Game\Component</Filter>
    </ClCompile>
    <ClCompile Include="src\Transform.cpp">
      <Filter>源文件\Game\Component</Filter>
    </ClCompile>
    <ClCompile Include="src\Material.cpp">
      <Filter>源文件\Game\Scene</Filter>
    </ClCompile>
    <ClCompile Include="src\SceneManager.cpp">
      <Filter>源文件\Game\Scene</Filter>
    </ClCompile>
    <ClCompile Include="src\LogicResourceManager.cpp">
      <Filter>源文件\Render\RenderResourceManager</Filter>
    </ClCompile>
    <ClCompile Include="src\RenderResourceManagment.cpp">
      <Filter>源文件\Render\RenderResourceManager</Filter>
    </ClCompile>
    <ClCompile Include="src\RenderEventSystem.cpp">
      <Filter>源文件\Render\RenderResourceManager</Filter>
    </ClCompile>
    <ClCompile Include="src\ResourceNames.cpp">
      <Filter>源文件\Render\Shader</Filter>
    </ClCompile>
    <ClCompile Include="src\3rdParty\stb_image.cpp">
      <Filter>源文件\plugins\stb_image</Filter>
    </ClCompile>
    <ClCompile Include="src\AssetUtils.cpp">
      <Filter>源文件\Common\Utilities</Filter>
    </ClCompile>
  </ItemGroup>
  <ItemGroup>
    <None Include="Shader\cube.frag">
      <Filter>源文件\ShaderSourceCode</Filter>
    </None>
    <None Include="Shader\cube.vert">
      <Filter>源文件\ShaderSourceCode</Filter>
    </None>
    <None Include="Shader\cube_tex.frag">
      <Filter>源文件\ShaderSourceCode</Filter>
    </None>
    <None Include="Shader\cube_tex.vert">
      <Filter>源文件\ShaderSourceCode</Filter>
    </None>
    <None Include="Shader\lightdata.attr">
      <Filter>源文件\ShaderSourceCode</Filter>
    </None>
    <None Include="Shader\common.attr">
      <Filter>源文件\ShaderSourceCode</Filter>
    </None>
    <None Include="Shader\depthview.vert">
      <Filter>源文件\ShaderSourceCode</Filter>
    </None>
    <None Include="Shader\depthview.frag">
      <Filter>源文件\ShaderSourceCode</Filter>
    </None>
    <None Include="Shader\postProcessing.frag">
      <Filter>源文件\ShaderSourceCode</Filter>
    </None>
    <None Include="Shader\postProcessing.vert">
      <Filter>源文件\ShaderSourceCode</Filter>
    </None>
    <None Include="Shader\shadowmap.frag">
      <Filter>源文件\ShaderSourceCode</Filter>
    </None>
    <None Include="Shader\shadowmap.vert">
      <Filter>源文件\ShaderSourceCode</Filter>
    </None>
    <None Include="Shader\cube_tex_transparent.frag">
      <Filter>源文件\ShaderSourceCode</Filter>
    </None>
    <None Include="Shader\cube_tex_transparent.vert">
      <Filter>源文件\ShaderSourceCode</Filter>
    </None>
    <None Include="include\3rdParty\assimp\color4.inl">
      <Filter>头文件\plugins\assimp</Filter>
    </None>
    <None Include="include\3rdParty\assimp\material.inl">
      <Filter>头文件\plugins\assimp</Filter>
    </None>
    <None Include="include\3rdParty\assimp\matrix3x3.inl">
      <Filter>头文件\plugins\assimp</Filter>
    </None>
    <None Include="include\3rdParty\assimp\matrix4x4.inl">
      <Filter>头文件\plugins\assimp</Filter>
    </None>
    <None Include="include\3rdParty\assimp\quaternion.inl">
      <Filter>头文件\plugins\assimp</Filter>
    </None>
    <None Include="include\3rdParty\assimp\SmoothingGroups.inl">
      <Filter>头文件\plugins\assimp</Filter>
    </None>
    <None Include="include\3rdParty\assimp\vector2.inl">
      <Filter>头文件\plugins\assimp</Filter>
    </None>
    <None Include="include\3rdParty\assimp\vector3.inl">
      <Filter>头文件\plugins\assimp</Filter>
    </None>
  </ItemGroup>
  <ItemGroup>
    <ClInclude Include="include\Common.h">
      <Filter>头文件\Common</Filter>
    </ClInclude>
    <ClInclude Include="include\CommonDefine.h">
      <Filter>头文件\Common</Filter>
    </ClInclude>
    <ClInclude Include="include\Mesh.h">
      <Filter>头文件\Game\Scene</Filter>
    </ClInclude>
    <ClInclude Include="include\InstanceIDProducer.h">
      <Filter>头文件\Common</Filter>
    </ClInclude>
    <ClInclude Include="include\Scene.h">
      <Filter>头文件\Game\Scene</Filter>
    </ClInclude>
    <ClInclude Include="include\Material.h">
      <Filter>头文件\Game\Scene</Filter>
    </ClInclude>
    <ClInclude Include="include\Camera.h">
      <Filter>头文件\Game\Component\Camera</Filter>
    </ClInclude>
    <ClInclude Include="include\Renderer.h">
      <Filter>头文件\Game\Component</Filter>
    </ClInclude>
    <ClInclude Include="include\Transform.h">
      <Filter>头文件\Game\Component</Filter>
    </ClInclude>
    <ClInclude Include="include\CameraOperation.h">
      <Filter>头文件\Game\Component\Camera</Filter>
    </ClInclude>
    <ClInclude Include="include\RenderPipeline.h">
      <Filter>头文件\Render\RenderPipeline</Filter>
    </ClInclude>
    <ClInclude Include="include\Window.h">
      <Filter>头文件\Render\Window</Filter>
    </ClInclude>
    <ClInclude Include="include\WindowImplementBase.h">
      <Filter>头文件\Render\Window</Filter>
    </ClInclude>
    <ClInclude Include="include\Shader.h">
      <Filter>头文件\Render\Shader</Filter>
    </ClInclude>
    <ClInclude Include="include\ShaderPropertyNames.h">
      <Filter>头文件\Render\Shader</Filter>
    </ClInclude>
    <ClInclude Include="include\SceneManager.h">
      <Filter>头文件\Game\Scene</Filter>
    </ClInclude>
    <ClInclude Include="include\Light.h">
      <Filter>头文件\Game\Component</Filter>
    </ClInclude>
    <ClInclude Include="include\Graphics.h">
      <Filter>头文件\Render\RenderPipeline</Filter>
    </ClInclude>
    <ClInclude Include="include\MeshManagementCentre.h">
      <Filter>头文件\Render\RenderResourceManager\ManagementCentre</Filter>
    </ClInclude>
    <ClInclude Include="include\SamplerManagementCentre.h">
      <Filter>头文件\Render\RenderResourceManager\ManagementCentre</Filter>
    </ClInclude>
    <ClInclude Include="include\TextureManagementCentre.h">
      <Filter>头文件\Render\RenderResourceManager\ManagementCentre</Filter>
    </ClInclude>
    <ClInclude Include="include\ManagementCentreBase.h">
      <Filter>头文件\Render\RenderResourceManager\ManagementCentre</Filter>
    </ClInclude>
    <ClInclude Include="include\Sampler.h">
      <Filter>头文件\Render\RenderResourceManager\Resources</Filter>
    </ClInclude>
    <ClInclude Include="include\Texture.h">
      <Filter>头文件\Render\RenderResourceManager\Resources</Filter>
    </ClInclude>
    <ClInclude Include="include\RenderTexture.h">
      <Filter>头文件\Render\RenderResourceManager\Resources</Filter>
    </ClInclude>
    <ClInclude Include="include\CommandBuffer.h">
      <Filter>头文件\Render\RenderHardwareInterface\Command</Filter>
    </ClInclude>
    <ClInclude Include="include\RenderBuffer.h">
      <Filter>头文件\Render\RenderResourceManager\Resources</Filter>
    </ClInclude>
    <ClInclude Include="include\Component.h">
      <Filter>头文件\Game\Component</Filter>
    </ClInclude>
    <ClInclude Include="include\gamemain.h">
      <Filter>头文件</Filter>
    </ClInclude>
    <ClInclude Include="include\MemoryManager.h">
      <Filter>头文件\Render\RenderResourceManager</Filter>
    </ClInclude>
    <ClInclude Include="include\ShaderUtils.h">
      <Filter>头文件\Render\Shader</Filter>
    </ClInclude>
    <ClInclude Include="include\ConstantBufferIdentifier.h">
      <Filter>头文件\Render\RenderResourceManager\Buffers</Filter>
    </ClInclude>
    <ClInclude Include="include\ConstantBuffers.h">
      <Filter>头文件\Render\RenderResourceManager\Buffers</Filter>
    </ClInclude>
    <ClInclude Include="include\BytesBuffer.h">
      <Filter>头文件\Render\RenderResourceManager\Buffers</Filter>
    </ClInclude>
    <ClInclude Include="include\Allocator.h">
      <Filter>头文件\Common</Filter>
    </ClInclude>
    <ClInclude Include="include\Singleton.h">
      <Filter>头文件\Common</Filter>
    </ClInclude>
    <ClInclude Include="include\RenderCommand.h">
      <Filter>头文件\Render\RenderHardwareInterface\Command</Filter>
    </ClInclude>
    <ClInclude Include="include\ConstantBufferType.h">
      <Filter>头文件\Common\Enums</Filter>
    </ClInclude>
    <ClInclude Include="include\ComponentType.h">
      <Filter>头文件\Common\Enums</Filter>
    </ClInclude>
    <ClInclude Include="include\TextureEnums.h">
      <Filter>头文件\Common\Enums</Filter>
    </ClInclude>
    <ClInclude Include="include\RHICommon.h">
      <Filter>头文件\Render\RenderHardwareInterface</Filter>
    </ClInclude>
    <ClInclude Include="include\GLSLCompiler.h">
      <Filter>头文件\Render\RenderHardwareInterface\GLSL\Compiler</Filter>
    </ClInclude>
    <ClInclude Include="include\GLSLPreProcessCompiler.h">
      <Filter>头文件\Render\RenderHardwareInterface\GLSL\Compiler</Filter>
    </ClInclude>
    <ClInclude Include="include\GLCommon.h">
      <Filter>头文件\Render\RenderHardwareInterface\GLSL</Filter>
    </ClInclude>
    <ClInclude Include="include\GLMath.h">
      <Filter>头文件\Render\RenderHardwareInterface\GLSL</Filter>
    </ClInclude>
    <ClInclude Include="include\StringUtility.h">
      <Filter>头文件\Common\Utilities</Filter>
    </ClInclude>
    <ClInclude Include="include\SceneUtility.h">
      <Filter>头文件\Common\Utilities</Filter>
    </ClInclude>
    <ClInclude Include="include\PrimitiveUtils.h">
      <Filter>头文件\Common\Utilities</Filter>
    </ClInclude>
    <ClInclude Include="include\FileUtils.h">
      <Filter>头文件\Common\Utilities</Filter>
    </ClInclude>
    <ClInclude Include="include\GameObject.h">
      <Filter>头文件\Common\Object</Filter>
    </ClInclude>
    <ClInclude Include="include\Object.h">
      <Filter>头文件\Common\Object</Filter>
    </ClInclude>
    <ClInclude Include="Object.cpp">
      <Filter>源文件\Common\Object</Filter>
    </ClInclude>
    <ClInclude Include="include\ScriptableRenderContext.h">
      <Filter>头文件\Render\RenderHardwareInterface</Filter>
    </ClInclude>
    <ClInclude Include="include\GLDevice.h">
      <Filter>头文件\Render\RenderHardwareInterface\GLSL</Filter>
    </ClInclude>
    <ClInclude Include="include\ResourceIdentifier.h">
      <Filter>头文件\Render\RenderResourceManager\Resources</Filter>
    </ClInclude>
    <ClInclude Include="include\ResourceIdentifierType.h">
      <Filter>头文件\Render\RenderResourceManager\Resources</Filter>
    </ClInclude>
    <ClInclude Include="include\RenderTargetManagementCentre.h">
      <Filter>头文件\Render\RenderResourceManager\ManagementCentre</Filter>
    </ClInclude>
    <ClInclude Include="include\RenderTarget.h">
      <Filter>头文件\Render\RenderResourceManager\Resources</Filter>
    </ClInclude>
    <ClInclude Include="include\DeviceBase.h">
      <Filter>头文件\Render\RenderHardwareInterface\Common</Filter>
    </ClInclude>
    <ClInclude Include="include\ShaderCompilerBase.h">
      <Filter>头文件\Render\RenderHardwareInterface\Common\Compiler</Filter>
    </ClInclude>
    <ClInclude Include="include\ShaderPreProcessCompilerBase.h">
      <Filter>头文件\Render\RenderHardwareInterface\Common\Compiler</Filter>
    </ClInclude>
    <ClInclude Include="include\GLFWWindow.h">
      <Filter>头文件\Render\Window\GLFW</Filter>
    </ClInclude>
    <ClInclude Include="include\EventSystem.h">
      <Filter>头文件\Render\Window\GLFW</Filter>
    </ClInclude>
    <ClInclude Include="include\PassBase.h">
      <Filter>头文件\Render\PassManagement</Filter>
    </ClInclude>
    <ClInclude Include="include\DrawOpaquePass.h">
      <Filter>头文件\Render\PassManagement</Filter>
    </ClInclude>
    <ClInclude Include="include\RenderStateBlock.h">
      <Filter>头文件\Render\RenderPipeline</Filter>
    </ClInclude>
    <ClInclude Include="include\CullingResult.h">
      <Filter>头文件\Game\Component\Camera</Filter>
    </ClInclude>
    <ClInclude Include="include\Math_Common.h">
      <Filter>头文件\Common</Filter>
    </ClInclude>
    <ClInclude Include="include\FilterSetting.h">
      <Filter>头文件\Game\Component\Camera</Filter>
    </ClInclude>
    <ClInclude Include="include\DrawSettings.h">
      <Filter>头文件\Game\Component\Camera</Filter>
    </ClInclude>
    <ClInclude Include="include\RenderData.h">
      <Filter>头文件\Render</Filter>
    </ClInclude>
    <ClInclude Include="include\LogicResourceManager.h">
      <Filter>头文件\Render\RenderResourceManager</Filter>
    </ClInclude>
    <ClInclude Include="include\RenderResourceManagment.h">
      <Filter>头文件\Render\RenderResourceManager</Filter>
    </ClInclude>
    <ClInclude Include="include\ListenerBase.h">
      <Filter>头文件\Common\ObserverPattern</Filter>
    </ClInclude>
    <ClInclude Include="include\EventObserver.h">
      <Filter>头文件\Common\ObserverPattern</Filter>
    </ClInclude>
    <ClInclude Include="include\RenderEventSystem.h">
      <Filter>头文件\Render\RenderResourceManager</Filter>
    </ClInclude>
    <ClInclude Include="include\RenderEventId.h">
      <Filter>头文件\Render\RenderResourceManager</Filter>
    </ClInclude>
    <ClInclude Include="include\RenderBufferManagementCentre.h">
      <Filter>头文件\Render\RenderResourceManager\ManagementCentre</Filter>
    </ClInclude>
    <ClInclude Include="include\SimpleShadowMapPass.h">
      <Filter>头文件\Render\PassManagement</Filter>
    </ClInclude>
    <ClInclude Include="include\RenderTargetDescriptor.h">
      <Filter>头文件\Render\RenderResourceManager\ResourceDescriptor</Filter>
    </ClInclude>
    <ClInclude Include="include\DebugPassBase.h">
      <Filter>头文件\Render\PassManagement</Filter>
    </ClInclude>
    <ClInclude Include="include\PostProcessingPass.h">
      <Filter>头文件\Render\PassManagement</Filter>
    </ClInclude>
    <ClInclude Include="include\ResourceNames.h">
      <Filter>头文件\Render\Shader</Filter>
    </ClInclude>
    <ClInclude Include="include\CaptureFBOPass.h">
      <Filter>头文件\Render\PassManagement</Filter>
    </ClInclude>
    <ClInclude Include="include\PipelineStateObject.h">
      <Filter>头文件\Render\RenderHardwareInterface</Filter>
    </ClInclude>
    <ClInclude Include="include\DrawTransparentPass.h">
      <Filter>头文件\Render\PassManagement</Filter>
    </ClInclude>
    <ClInclude Include="include\AssetUtils.h">
      <Filter>头文件\Common\Utilities</Filter>
    </ClInclude>
    <ClInclude Include="include\3rdParty\stb_image\stb_image.h">
      <Filter>头文件\plugins\stb_image</Filter>
    </ClInclude>
    <ClInclude Include="include\3rdParty\assimp\aabb.h">
      <Filter>头文件\plugins\assimp</Filter>
    </ClInclude>
    <ClInclude Include="include\3rdParty\assimp\ai_assert.h">
      <Filter>头文件\plugins\assimp</Filter>
    </ClInclude>
    <ClInclude Include="include\3rdParty\assimp\anim.h">
      <Filter>头文件\plugins\assimp</Filter>
    </ClInclude>
    <ClInclude Include="include\3rdParty\assimp\AssertHandler.h">
      <Filter>头文件\plugins\assimp</Filter>
    </ClInclude>
    <ClInclude Include="include\3rdParty\assimp\Base64.hpp">
      <Filter>头文件\plugins\assimp</Filter>
    </ClInclude>
    <ClInclude Include="include\3rdParty\assimp\BaseImporter.h">
      <Filter>头文件\plugins\assimp</Filter>
    </ClInclude>
    <ClInclude Include="include\3rdParty\assimp\Bitmap.h">
      <Filter>头文件\plugins\assimp</Filter>
    </ClInclude>
    <ClInclude Include="include\3rdParty\assimp\BlobIOSystem.h">
      <Filter>头文件\plugins\assimp</Filter>
    </ClInclude>
    <ClInclude Include="include\3rdParty\assimp\ByteSwapper.h">
      <Filter>头文件\plugins\assimp</Filter>
    </ClInclude>
    <ClInclude Include="include\3rdParty\assimp\camera.h">
      <Filter>头文件\plugins\assimp</Filter>
    </ClInclude>
    <ClInclude Include="include\3rdParty\assimp\cexport.h">
      <Filter>头文件\plugins\assimp</Filter>
    </ClInclude>
    <ClInclude Include="include\3rdParty\assimp\cfileio.h">
      <Filter>头文件\plugins\assimp</Filter>
    </ClInclude>
    <ClInclude Include="include\3rdParty\assimp\cimport.h">
      <Filter>头文件\plugins\assimp</Filter>
    </ClInclude>
    <ClInclude Include="include\3rdParty\assimp\ColladaMetaData.h">
      <Filter>头文件\plugins\assimp</Filter>
    </ClInclude>
    <ClInclude Include="include\3rdParty\assimp\color4.h">
      <Filter>头文件\plugins\assimp</Filter>
    </ClInclude>
    <ClInclude Include="include\3rdParty\assimp\commonMetaData.h">
      <Filter>头文件\plugins\assimp</Filter>
    </ClInclude>
    <ClInclude Include="include\3rdParty\assimp\Compiler\poppack1.h">
      <Filter>头文件\plugins\assimp</Filter>
    </ClInclude>
    <ClInclude Include="include\3rdParty\assimp\Compiler\pstdint.h">
      <Filter>头文件\plugins\assimp</Filter>
    </ClInclude>
    <ClInclude Include="include\3rdParty\assimp\Compiler\pushpack1.h">
      <Filter>头文件\plugins\assimp</Filter>
    </ClInclude>
    <ClInclude Include="include\3rdParty\assimp\CreateAnimMesh.h">
      <Filter>头文件\plugins\assimp</Filter>
    </ClInclude>
    <ClInclude Include="include\3rdParty\assimp\DefaultIOStream.h">
      <Filter>头文件\plugins\assimp</Filter>
    </ClInclude>
    <ClInclude Include="include\3rdParty\assimp\DefaultIOSystem.h">
      <Filter>头文件\plugins\assimp</Filter>
    </ClInclude>
    <ClInclude Include="include\3rdParty\assimp\DefaultLogger.hpp">
      <Filter>头文件\plugins\assimp</Filter>
    </ClInclude>
    <ClInclude Include="include\3rdParty\assimp\defs.h">
      <Filter>头文件\plugins\assimp</Filter>
    </ClInclude>
    <ClInclude Include="include\3rdParty\assimp\Exceptional.h">
      <Filter>头文件\plugins\assimp</Filter>
    </ClInclude>
    <ClInclude Include="include\3rdParty\assimp\Exporter.hpp">
      <Filter>头文件\plugins\assimp</Filter>
    </ClInclude>
    <ClInclude Include="include\3rdParty\assimp\fast_atof.h">
      <Filter>头文件\plugins\assimp</Filter>
    </ClInclude>
    <ClInclude Include="include\3rdParty\assimp\GenericProperty.h">
      <Filter>头文件\plugins\assimp</Filter>
    </ClInclude>
    <ClInclude Include="include\3rdParty\assimp\GltfMaterial.h">
      <Filter>头文件\plugins\assimp</Filter>
    </ClInclude>
    <ClInclude Include="include\3rdParty\assimp\Hash.h">
      <Filter>头文件\plugins\assimp</Filter>
    </ClInclude>
    <ClInclude Include="include\3rdParty\assimp\Importer.hpp">
      <Filter>头文件\plugins\assimp</Filter>
    </ClInclude>
    <ClInclude Include="include\3rdParty\assimp\importerdesc.h">
      <Filter>头文件\plugins\assimp</Filter>
    </ClInclude>
    <ClInclude Include="include\3rdParty\assimp\IOStream.hpp">
      <Filter>头文件\plugins\assimp</Filter>
    </ClInclude>
    <ClInclude Include="include\3rdParty\assimp\IOStreamBuffer.h">
      <Filter>头文件\plugins\assimp</Filter>
    </ClInclude>
    <ClInclude Include="include\3rdParty\assimp\IOSystem.hpp">
      <Filter>头文件\plugins\assimp</Filter>
    </ClInclude>
    <ClInclude Include="include\3rdParty\assimp\light.h">
      <Filter>头文件\plugins\assimp</Filter>
    </ClInclude>
    <ClInclude Include="include\3rdParty\assimp\LineSplitter.h">
      <Filter>头文件\plugins\assimp</Filter>
    </ClInclude>
    <ClInclude Include="include\3rdParty\assimp\LogAux.h">
      <Filter>头文件\plugins\assimp</Filter>
    </ClInclude>
    <ClInclude Include="include\3rdParty\assimp\Logger.hpp">
      <Filter>头文件\plugins\assimp</Filter>
    </ClInclude>
    <ClInclude Include="include\3rdParty\assimp\LogStream.hpp">
      <Filter>头文件\plugins\assimp</Filter>
    </ClInclude>
    <ClInclude Include="include\3rdParty\assimp\material.h">
      <Filter>头文件\plugins\assimp</Filter>
    </ClInclude>
    <ClInclude Include="include\3rdParty\assimp\MathFunctions.h">
      <Filter>头文件\plugins\assimp</Filter>
    </ClInclude>
    <ClInclude Include="include\3rdParty\assimp\matrix3x3.h">
      <Filter>头文件\plugins\assimp</Filter>
    </ClInclude>
    <ClInclude Include="include\3rdParty\assimp\matrix4x4.h">
      <Filter>头文件\plugins\assimp</Filter>
    </ClInclude>
    <ClInclude Include="include\3rdParty\assimp\MemoryIOWrapper.h">
      <Filter>头文件\plugins\assimp</Filter>
    </ClInclude>
    <ClInclude Include="include\3rdParty\assimp\mesh.h">
      <Filter>头文件\plugins\assimp</Filter>
    </ClInclude>
    <ClInclude Include="include\3rdParty\assimp\metadata.h">
      <Filter>头文件\plugins\assimp</Filter>
    </ClInclude>
    <ClInclude Include="include\3rdParty\assimp\NullLogger.hpp">
      <Filter>头文件\plugins\assimp</Filter>
    </ClInclude>
    <ClInclude Include="include\3rdParty\assimp\ObjMaterial.h">
      <Filter>头文件\plugins\assimp</Filter>
    </ClInclude>
    <ClInclude Include="include\3rdParty\assimp\ParsingUtils.h">
      <Filter>头文件\plugins\assimp</Filter>
    </ClInclude>
    <ClInclude Include="include\3rdParty\assimp\pbrmaterial.h">
      <Filter>头文件\plugins\assimp</Filter>
    </ClInclude>
    <ClInclude Include="include\3rdParty\assimp\port\AndroidJNI\AndroidJNIIOSystem.h">
      <Filter>头文件\plugins\assimp</Filter>
    </ClInclude>
    <ClInclude Include="include\3rdParty\assimp\port\AndroidJNI\BundledAssetIOSystem.h">
      <Filter>头文件\plugins\assimp</Filter>
    </ClInclude>
    <ClInclude Include="include\3rdParty\assimp\postprocess.h">
      <Filter>头文件\plugins\assimp</Filter>
    </ClInclude>
    <ClInclude Include="include\3rdParty\assimp\Profiler.h">
      <Filter>头文件\plugins\assimp</Filter>
    </ClInclude>
    <ClInclude Include="include\3rdParty\assimp\ProgressHandler.hpp">
      <Filter>头文件\plugins\assimp</Filter>
    </ClInclude>
    <ClInclude Include="include\3rdParty\assimp\qnan.h">
      <Filter>头文件\plugins\assimp</Filter>
    </ClInclude>
    <ClInclude Include="include\3rdParty\assimp\quaternion.h">
      <Filter>头文件\plugins\assimp</Filter>
    </ClInclude>
    <ClInclude Include="include\3rdParty\assimp\RemoveComments.h">
      <Filter>头文件\plugins\assimp</Filter>
    </ClInclude>
    <ClInclude Include="include\3rdParty\assimp\scene.h">
      <Filter>头文件\plugins\assimp</Filter>
    </ClInclude>
    <ClInclude Include="include\3rdParty\assimp\SceneCombiner.h">
      <Filter>头文件\plugins\assimp</Filter>
    </ClInclude>
    <ClInclude Include="include\3rdParty\assimp\SGSpatialSort.h">
      <Filter>头文件\plugins\assimp</Filter>
    </ClInclude>
    <ClInclude Include="include\3rdParty\assimp\SkeletonMeshBuilder.h">
      <Filter>头文件\plugins\assimp</Filter>
    </ClInclude>
    <ClInclude Include="include\3rdParty\assimp\SmallVector.h">
      <Filter>头文件\plugins\assimp</Filter>
    </ClInclude>
    <ClInclude Include="include\3rdParty\assimp\SmoothingGroups.h">
      <Filter>头文件\plugins\assimp</Filter>
    </ClInclude>
    <ClInclude Include="include\3rdParty\assimp\SpatialSort.h">
      <Filter>头文件\plugins\assimp</Filter>
    </ClInclude>
    <ClInclude Include="include\3rdParty\assimp\StandardShapes.h">
      <Filter>头文件\plugins\assimp</Filter>
    </ClInclude>
    <ClInclude Include="include\3rdParty\assimp\StreamReader.h">
      <Filter>头文件\plugins\assimp</Filter>
    </ClInclude>
    <ClInclude Include="include\3rdParty\assimp\StreamWriter.h">
      <Filter>头文件\plugins\assimp</Filter>
    </ClInclude>
    <ClInclude Include="include\3rdParty\assimp\StringComparison.h">
      <Filter>头文件\plugins\assimp</Filter>
    </ClInclude>
    <ClInclude Include="include\3rdParty\assimp\StringUtils.h">
      <Filter>头文件\plugins\assimp</Filter>
    </ClInclude>
    <ClInclude Include="include\3rdParty\assimp\Subdivision.h">
      <Filter>头文件\plugins\assimp</Filter>
    </ClInclude>
    <ClInclude Include="include\3rdParty\assimp\texture.h">
      <Filter>头文件\plugins\assimp</Filter>
    </ClInclude>
    <ClInclude Include="include\3rdParty\assimp\TinyFormatter.h">
      <Filter>头文件\plugins\assimp</Filter>
    </ClInclude>
    <ClInclude Include="include\3rdParty\assimp\types.h">
      <Filter>头文件\plugins\assimp</Filter>
    </ClInclude>
    <ClInclude Include="include\3rdParty\assimp\vector2.h">
      <Filter>头文件\plugins\assimp</Filter>
    </ClInclude>
    <ClInclude Include="include\3rdParty\assimp\vector3.h">
      <Filter>头文件\plugins\assimp</Filter>
    </ClInclude>
    <ClInclude Include="include\3rdParty\assimp\version.h">
      <Filter>头文件\plugins\assimp</Filter>
    </ClInclude>
    <ClInclude Include="include\3rdParty\assimp\Vertex.h">
      <Filter>头文件\plugins\assimp</Filter>
    </ClInclude>
    <ClInclude Include="include\3rdParty\assimp\XmlParser.h">
      <Filter>头文件\plugins\assimp</Filter>
    </ClInclude>
    <ClInclude Include="include\3rdParty\assimp\XMLTools.h">
      <Filter>头文件\plugins\assimp</Filter>
    </ClInclude>
    <ClInclude Include="include\3rdParty\assimp\ZipArchiveIOSystem.h">
      <Filter>头文件\plugins\assimp</Filter>
    </ClInclude>
    <ClInclude Include="include\3rdParty\assimp\config.h">
      <Filter>头文件\plugins\assimp</Filter>
    </ClInclude>
    <ClInclude Include="include\3rdParty\assimp\revision.h">
      <Filter>头文件\plugins\assimp</Filter>
    </ClInclude>
    <ClInclude Include="include\Model.h">
      <Filter>头文件\Game\Scene</Filter>
    </ClInclude>
  </ItemGroup>
</Project>