
Microsoft Visual Studio Solution File, Format Version 12.00
# Visual Studio Version 17
VisualStudioVersion = 17.9.34622.214
MinimumVisualStudioVersion = 10.0.40219.1
Project("{8BC9CEB8-8B4A-11D0-8D11-00A0C91BC942}") = "GLT", "GLT\GLT.vcxproj", "{1E0C7EBE-D2AA-4E45-8006-9E7A32680E0A}"
EndProject
Project("{8BC9CEB8-8B4A-11D0-8D11-00A0C91BC942}") = "Compile2SPIRV", "Compile2SPIRV\Compile2SPIRV.vcxproj", "{75CEDF5D-6E12-44B4-8D62-C254438B6E7A}"
EndProject
Project("{8BC9CEB8-8B4A-11D0-8D11-00A0C91BC942}") = "Test", "Test\Test.vcxproj", "{7E976474-63FA-4509-9C47-215BCE309CC2}"
EndProject
Global
	GlobalSection(SolutionConfigurationPlatforms) = preSolution
		Debug|x64 = Debug|x64
		Debug|x86 = Debug|x86
		Release|x64 = Release|x64
		Release|x86 = Release|x86
	EndGlobalSection
	GlobalSection(ProjectConfigurationPlatforms) = postSolution
		{1E0C7EBE-D2AA-4E45-8006-9E7A32680E0A}.Debug|x64.ActiveCfg = Debug|x64
		{1E0C7EBE-D2AA-4E45-8006-9E7A32680E0A}.Debug|x64.Build.0 = Debug|x64
		{1E0C7EBE-D2AA-4E45-8006-9E7A32680E0A}.Debug|x86.ActiveCfg = Debug|Win32
		{1E0C7EBE-D2AA-4E45-8006-9E7A32680E0A}.Debug|x86.Build.0 = Debug|Win32
		{1E0C7EBE-D2AA-4E45-8006-9E7A32680E0A}.Release|x64.ActiveCfg = Release|x64
		{1E0C7EBE-D2AA-4E45-8006-9E7A32680E0A}.Release|x64.Build.0 = Release|x64
		{1E0C7EBE-D2AA-4E45-8006-9E7A32680E0A}.Release|x86.ActiveCfg = Release|Win32
		{1E0C7EBE-D2AA-4E45-8006-9E7A32680E0A}.Release|x86.Build.0 = Release|Win32
		{75CEDF5D-6E12-44B4-8D62-C254438B6E7A}.Debug|x64.ActiveCfg = Debug|x64
		{75CEDF5D-6E12-44B4-8D62-C254438B6E7A}.Debug|x64.Build.0 = Debug|x64
		{75CEDF5D-6E12-44B4-8D62-C254438B6E7A}.Debug|x86.ActiveCfg = Debug|Win32
		{75CEDF5D-6E12-44B4-8D62-C254438B6E7A}.Debug|x86.Build.0 = Debug|Win32
		{75CEDF5D-6E12-44B4-8D62-C254438B6E7A}.Release|x64.ActiveCfg = Release|x64
		{75CEDF5D-6E12-44B4-8D62-C254438B6E7A}.Release|x64.Build.0 = Release|x64
		{75CEDF5D-6E12-44B4-8D62-C254438B6E7A}.Release|x86.ActiveCfg = Release|Win32
		{75CEDF5D-6E12-44B4-8D62-C254438B6E7A}.Release|x86.Build.0 = Release|Win32
		{7E976474-63FA-4509-9C47-215BCE309CC2}.Debug|x64.ActiveCfg = Debug|x64
		{7E976474-63FA-4509-9C47-215BCE309CC2}.Debug|x64.Build.0 = Debug|x64
		{7E976474-63FA-4509-9C47-215BCE309CC2}.Debug|x86.ActiveCfg = Debug|Win32
		{7E976474-63FA-4509-9C47-215BCE309CC2}.Debug|x86.Build.0 = Debug|Win32
		{7E976474-63FA-4509-9C47-215BCE309CC2}.Release|x64.ActiveCfg = Release|x64
		{7E976474-63FA-4509-9C47-215BCE309CC2}.Release|x64.Build.0 = Release|x64
		{7E976474-63FA-4509-9C47-215BCE309CC2}.Release|x86.ActiveCfg = Release|Win32
		{7E976474-63FA-4509-9C47-215BCE309CC2}.Release|x86.Build.0 = Release|Win32
	EndGlobalSection
	GlobalSection(SolutionProperties) = preSolution
		HideSolutionNode = FALSE
	EndGlobalSection
	GlobalSection(ExtensibilityGlobals) = postSolution
		SolutionGuid = {A41223B9-3E8A-4DBA-A893-26C5F7C87FEF}
	EndGlobalSection
EndGlobal
